
Microsoft Visual Studio Solution File, Format Version 12.00
# Visual Studio Version 16
VisualStudioVersion = 16.0.30413.136
MinimumVisualStudioVersion = 10.0.40219.1
Project("{FAE04EC0-301F-11D3-BF4B-00C04F79EFBC}") = "CA201130_2", "CA201130_2\CA201130_2.csproj", "{8EA560C6-ABCB-4D7E-BEA8-46673DD358FD}"
EndProject
Global
	GlobalSection(SolutionConfigurationPlatforms) = preSolution
		Debug|Any CPU = Debug|Any CPU
		Release|Any CPU = Release|Any CPU
	EndGlobalSection
	GlobalSection(ProjectConfigurationPlatforms) = postSolution
		{8EA560C6-ABCB-4D7E-BEA8-46673DD358FD}.Debug|Any CPU.ActiveCfg = Debug|Any CPU
		{8EA560C6-ABCB-4D7E-BEA8-46673DD358FD}.Debug|Any CPU.Build.0 = Debug|Any CPU
		{8EA560C6-ABCB-4D7E-BEA8-46673DD358FD}.Release|Any CPU.ActiveCfg = Release|Any CPU
		{8EA560C6-ABCB-4D7E-BEA8-46673DD358FD}.Release|Any CPU.Build.0 = Release|Any CPU
	EndGlobalSection
	GlobalSection(SolutionProperties) = preSolution
		HideSolutionNode = FALSE
	EndGlobalSection
	GlobalSection(ExtensibilityGlobals) = postSolution
		SolutionGuid = {9685FA34-76DB-4831-9F52-48520E3125CE}
	EndGlobalSection
EndGlobal
